// !$*UTF8*$!
{
	archiveVersion = 1;
	classes = {
	};
	objectVersion = 48;
	objects = {

/* Begin PBXBuildFile section */
		56365E4B2136ABB2000897F3 /* FirebaseManager.swift in Sources */ = {isa = PBXBuildFile; fileRef = 56365E4A2136ABB2000897F3 /* FirebaseManager.swift */; };
		56631F6A218EE246002EAC17 /* GoogleService-Info.plist in Resources */ = {isa = PBXBuildFile; fileRef = 56631F69218EE246002EAC17 /* GoogleService-Info.plist */; };
		56631F6C218FDDB9002EAC17 /* FitnessBarzDB.swift in Sources */ = {isa = PBXBuildFile; fileRef = 56631F6B218FDDB9002EAC17 /* FitnessBarzDB.swift */; };
		56631F80218FEA34002EAC17 /* User+CoreDataClass.swift in Sources */ = {isa = PBXBuildFile; fileRef = 56631F7E218FEA34002EAC17 /* User+CoreDataClass.swift */; };
		56631F81218FEA34002EAC17 /* User+CoreDataProperties.swift in Sources */ = {isa = PBXBuildFile; fileRef = 56631F7F218FEA34002EAC17 /* User+CoreDataProperties.swift */; };
		56631F82218FEEBA002EAC17 /* FitnessBarzDB.swift in Sources */ = {isa = PBXBuildFile; fileRef = 56631F6B218FDDB9002EAC17 /* FitnessBarzDB.swift */; };
		56631F83218FEEBA002EAC17 /* FitnessBarzDB.swift in Sources */ = {isa = PBXBuildFile; fileRef = 56631F6B218FDDB9002EAC17 /* FitnessBarzDB.swift */; };
		56631F84218FEEC7002EAC17 /* AppDelegate.swift in Sources */ = {isa = PBXBuildFile; fileRef = 76EB4ED721288EB900053286 /* AppDelegate.swift */; };
		56631F85218FEEC8002EAC17 /* AppDelegate.swift in Sources */ = {isa = PBXBuildFile; fileRef = 76EB4ED721288EB900053286 /* AppDelegate.swift */; };
		56631F87218FEEE9002EAC17 /* CoreData.framework in Frameworks */ = {isa = PBXBuildFile; fileRef = 56631F86218FEEE9002EAC17 /* CoreData.framework */; };
		56726D6B21982CA300659989 /* fnbz_logo_40.jpeg in Resources */ = {isa = PBXBuildFile; fileRef = 56726D6A21982CA300659989 /* fnbz_logo_40.jpeg */; };
		56726D6D21982D5C00659989 /* fnbz_logo_60.jpeg in Resources */ = {isa = PBXBuildFile; fileRef = 56726D6C21982D5C00659989 /* fnbz_logo_60.jpeg */; };
		56726D7021982ED400659989 /* WorkoutListCell.swift in Sources */ = {isa = PBXBuildFile; fileRef = 56726D6E21982ED400659989 /* WorkoutListCell.swift */; };
		56726D7121982ED400659989 /* WorkoutListCell.xib in Resources */ = {isa = PBXBuildFile; fileRef = 56726D6F21982ED400659989 /* WorkoutListCell.xib */; };
		56726D732198325500659989 /* View+cornerRadius.swift in Sources */ = {isa = PBXBuildFile; fileRef = 56726D722198325500659989 /* View+cornerRadius.swift */; };
		56AF878321A159D100BF2F3A /* ReadyToStartVC.swift in Sources */ = {isa = PBXBuildFile; fileRef = 56AF878121A159D100BF2F3A /* ReadyToStartVC.swift */; };
		56AF878421A159D100BF2F3A /* ReadyToStartVC.xib in Resources */ = {isa = PBXBuildFile; fileRef = 56AF878221A159D100BF2F3A /* ReadyToStartVC.xib */; };
		56CB108521A41EA300FAA9FA /* InfoHeaderView.swift in Sources */ = {isa = PBXBuildFile; fileRef = 56CB108421A41EA300FAA9FA /* InfoHeaderView.swift */; };
		56CB108721A4EEF000FAA9FA /* UIViewExtension.swift in Sources */ = {isa = PBXBuildFile; fileRef = 56CB108621A4EEEF00FAA9FA /* UIViewExtension.swift */; };
		56CB108921A4EFBA00FAA9FA /* NibView.swift in Sources */ = {isa = PBXBuildFile; fileRef = 56CB108821A4EFBA00FAA9FA /* NibView.swift */; };
		56CB108B21A4F1D400FAA9FA /* InfoHeaderView.xib in Resources */ = {isa = PBXBuildFile; fileRef = 56CB108A21A4F1D400FAA9FA /* InfoHeaderView.xib */; };
		764584C0213291A800DBE853 /* Utils.swift in Sources */ = {isa = PBXBuildFile; fileRef = 764584BF2132919300DBE853 /* Utils.swift */; };
		764584C1213291AB00DBE853 /* FeedPostCell.swift in Sources */ = {isa = PBXBuildFile; fileRef = 764584BD2132919300DBE853 /* FeedPostCell.swift */; };
		764584C32132926B00DBE853 /* ProfileInfoView.swift in Sources */ = {isa = PBXBuildFile; fileRef = 764584C22132926B00DBE853 /* ProfileInfoView.swift */; };
		764C959021529FB6007D1B79 /* PostCell.swift in Sources */ = {isa = PBXBuildFile; fileRef = 764C958E21529FB6007D1B79 /* PostCell.swift */; };
		764C959121529FB6007D1B79 /* PostCell.xib in Resources */ = {isa = PBXBuildFile; fileRef = 764C958F21529FB6007D1B79 /* PostCell.xib */; };
		7673C7AB21594BC00084C1E0 /* fnbz_logo_80.jpeg in Resources */ = {isa = PBXBuildFile; fileRef = 7673C7AA21594A930084C1E0 /* fnbz_logo_80.jpeg */; };
		76AF03E12132785400775457 /* RootNavigationController.swift in Sources */ = {isa = PBXBuildFile; fileRef = 76AF03E02132785400775457 /* RootNavigationController.swift */; };
		76AF03E62132791D00775457 /* FeedVC.swift in Sources */ = {isa = PBXBuildFile; fileRef = 76AF03E52132791D00775457 /* FeedVC.swift */; };
		76AF03E82132792A00775457 /* ProfileVC.swift in Sources */ = {isa = PBXBuildFile; fileRef = 76AF03E72132792A00775457 /* ProfileVC.swift */; };
		76AF03EA2132793800775457 /* WorkoutsVC.swift in Sources */ = {isa = PBXBuildFile; fileRef = 76AF03E92132793800775457 /* WorkoutsVC.swift */; };
		76AF03EB21327AA900775457 /* MainTabBarController.swift in Sources */ = {isa = PBXBuildFile; fileRef = 76AF03DF2132782D00775457 /* MainTabBarController.swift */; };
		76EB4ED821288EB900053286 /* AppDelegate.swift in Sources */ = {isa = PBXBuildFile; fileRef = 76EB4ED721288EB900053286 /* AppDelegate.swift */; };
		76EB4EDA21288EB900053286 /* ViewController.swift in Sources */ = {isa = PBXBuildFile; fileRef = 76EB4ED921288EB900053286 /* ViewController.swift */; };
		76EB4EDD21288EB900053286 /* Main.storyboard in Resources */ = {isa = PBXBuildFile; fileRef = 76EB4EDB21288EB900053286 /* Main.storyboard */; };
		76EB4EE021288EB900053286 /* FitnessBarz.xcdatamodeld in Sources */ = {isa = PBXBuildFile; fileRef = 76EB4EDE21288EB900053286 /* FitnessBarz.xcdatamodeld */; };
		76EB4EE221288EB900053286 /* Assets.xcassets in Resources */ = {isa = PBXBuildFile; fileRef = 76EB4EE121288EB900053286 /* Assets.xcassets */; };
		76EB4EE521288EB900053286 /* LaunchScreen.storyboard in Resources */ = {isa = PBXBuildFile; fileRef = 76EB4EE321288EB900053286 /* LaunchScreen.storyboard */; };
		76EB4EF021288EB900053286 /* FitnessBarzTests.swift in Sources */ = {isa = PBXBuildFile; fileRef = 76EB4EEF21288EB900053286 /* FitnessBarzTests.swift */; };
		76EB4EFB21288EBA00053286 /* FitnessBarzUITests.swift in Sources */ = {isa = PBXBuildFile; fileRef = 76EB4EFA21288EBA00053286 /* FitnessBarzUITests.swift */; };
		78A6B0A2EC1AA0096B07DA3C /* Pods_FitnessBarzUITests.framework in Frameworks */ = {isa = PBXBuildFile; fileRef = F79D3D8041DD59CF5186D883 /* Pods_FitnessBarzUITests.framework */; };
		BB1FB4EDA60B627E064AA4D0 /* Pods_FitnessBarz.framework in Frameworks */ = {isa = PBXBuildFile; fileRef = C8BEA408548B814B9758BF30 /* Pods_FitnessBarz.framework */; };
		CDC17BAC9BFD112315895A2A /* Pods_FitnessBarzTests.framework in Frameworks */ = {isa = PBXBuildFile; fileRef = 398D63F565B0BE1EFC7FD735 /* Pods_FitnessBarzTests.framework */; };
/* End PBXBuildFile section */

/* Begin PBXContainerItemProxy section */
		76EB4EEC21288EB900053286 /* PBXContainerItemProxy */ = {
			isa = PBXContainerItemProxy;
			containerPortal = 76EB4ECC21288EB900053286 /* Project object */;
			proxyType = 1;
			remoteGlobalIDString = 76EB4ED321288EB900053286;
			remoteInfo = FitnessBarz;
		};
		76EB4EF721288EBA00053286 /* PBXContainerItemProxy */ = {
			isa = PBXContainerItemProxy;
			containerPortal = 76EB4ECC21288EB900053286 /* Project object */;
			proxyType = 1;
			remoteGlobalIDString = 76EB4ED321288EB900053286;
			remoteInfo = FitnessBarz;
		};
/* End PBXContainerItemProxy section */

/* Begin PBXFileReference section */
		111A064EE484A2087624BDC6 /* Pods-FitnessBarz.release.xcconfig */ = {isa = PBXFileReference; includeInIndex = 1; lastKnownFileType = text.xcconfig; name = "Pods-FitnessBarz.release.xcconfig"; path = "Pods/Target Support Files/Pods-FitnessBarz/Pods-FitnessBarz.release.xcconfig"; sourceTree = "<group>"; };
		2D6ECE34DBD7F5A69590106D /* Pods-FitnessBarzTests.debug.xcconfig */ = {isa = PBXFileReference; includeInIndex = 1; lastKnownFileType = text.xcconfig; name = "Pods-FitnessBarzTests.debug.xcconfig"; path = "Pods/Target Support Files/Pods-FitnessBarzTests/Pods-FitnessBarzTests.debug.xcconfig"; sourceTree = "<group>"; };
		398D63F565B0BE1EFC7FD735 /* Pods_FitnessBarzTests.framework */ = {isa = PBXFileReference; explicitFileType = wrapper.framework; includeInIndex = 0; path = Pods_FitnessBarzTests.framework; sourceTree = BUILT_PRODUCTS_DIR; };
		56365E4A2136ABB2000897F3 /* FirebaseManager.swift */ = {isa = PBXFileReference; lastKnownFileType = sourcecode.swift; path = FirebaseManager.swift; sourceTree = "<group>"; };
		56631F69218EE246002EAC17 /* GoogleService-Info.plist */ = {isa = PBXFileReference; fileEncoding = 4; lastKnownFileType = text.plist.xml; name = "GoogleService-Info.plist"; path = "FitnessBarz/GoogleService-Info.plist"; sourceTree = "<group>"; };
		56631F6B218FDDB9002EAC17 /* FitnessBarzDB.swift */ = {isa = PBXFileReference; lastKnownFileType = sourcecode.swift; path = FitnessBarzDB.swift; sourceTree = "<group>"; };
		56631F7E218FEA34002EAC17 /* User+CoreDataClass.swift */ = {isa = PBXFileReference; lastKnownFileType = sourcecode.swift; path = "User+CoreDataClass.swift"; sourceTree = "<group>"; };
		56631F7F218FEA34002EAC17 /* User+CoreDataProperties.swift */ = {isa = PBXFileReference; lastKnownFileType = sourcecode.swift; path = "User+CoreDataProperties.swift"; sourceTree = "<group>"; };
		56631F86218FEEE9002EAC17 /* CoreData.framework */ = {isa = PBXFileReference; lastKnownFileType = wrapper.framework; name = CoreData.framework; path = System/Library/Frameworks/CoreData.framework; sourceTree = SDKROOT; };
		56726D6A21982CA300659989 /* fnbz_logo_40.jpeg */ = {isa = PBXFileReference; lastKnownFileType = image.jpeg; name = fnbz_logo_40.jpeg; path = Assets.xcassets/AppIcon.appiconset/fnbz_logo_40.jpeg; sourceTree = "<group>"; };
		56726D6C21982D5C00659989 /* fnbz_logo_60.jpeg */ = {isa = PBXFileReference; lastKnownFileType = image.jpeg; name = fnbz_logo_60.jpeg; path = Assets.xcassets/AppIcon.appiconset/fnbz_logo_60.jpeg; sourceTree = "<group>"; };
		56726D6E21982ED400659989 /* WorkoutListCell.swift */ = {isa = PBXFileReference; lastKnownFileType = sourcecode.swift; path = WorkoutListCell.swift; sourceTree = "<group>"; };
		56726D6F21982ED400659989 /* WorkoutListCell.xib */ = {isa = PBXFileReference; lastKnownFileType = file.xib; path = WorkoutListCell.xib; sourceTree = "<group>"; };
		56726D722198325500659989 /* View+cornerRadius.swift */ = {isa = PBXFileReference; fileEncoding = 4; lastKnownFileType = sourcecode.swift; path = "View+cornerRadius.swift"; sourceTree = "<group>"; };
		56AF878121A159D100BF2F3A /* ReadyToStartVC.swift */ = {isa = PBXFileReference; lastKnownFileType = sourcecode.swift; path = ReadyToStartVC.swift; sourceTree = "<group>"; };
		56AF878221A159D100BF2F3A /* ReadyToStartVC.xib */ = {isa = PBXFileReference; lastKnownFileType = file.xib; path = ReadyToStartVC.xib; sourceTree = "<group>"; };
		56CB108421A41EA300FAA9FA /* InfoHeaderView.swift */ = {isa = PBXFileReference; lastKnownFileType = sourcecode.swift; path = InfoHeaderView.swift; sourceTree = "<group>"; };
		56CB108621A4EEEF00FAA9FA /* UIViewExtension.swift */ = {isa = PBXFileReference; fileEncoding = 4; lastKnownFileType = sourcecode.swift; path = UIViewExtension.swift; sourceTree = "<group>"; };
		56CB108821A4EFBA00FAA9FA /* NibView.swift */ = {isa = PBXFileReference; fileEncoding = 4; lastKnownFileType = sourcecode.swift; path = NibView.swift; sourceTree = "<group>"; };
		56CB108A21A4F1D400FAA9FA /* InfoHeaderView.xib */ = {isa = PBXFileReference; lastKnownFileType = file.xib; path = InfoHeaderView.xib; sourceTree = "<group>"; };
		764584BD2132919300DBE853 /* FeedPostCell.swift */ = {isa = PBXFileReference; lastKnownFileType = sourcecode.swift; path = FeedPostCell.swift; sourceTree = "<group>"; };
		764584BF2132919300DBE853 /* Utils.swift */ = {isa = PBXFileReference; lastKnownFileType = sourcecode.swift; path = Utils.swift; sourceTree = "<group>"; };
		764584C22132926B00DBE853 /* ProfileInfoView.swift */ = {isa = PBXFileReference; lastKnownFileType = sourcecode.swift; path = ProfileInfoView.swift; sourceTree = "<group>"; };
		764C958E21529FB6007D1B79 /* PostCell.swift */ = {isa = PBXFileReference; lastKnownFileType = sourcecode.swift; path = PostCell.swift; sourceTree = "<group>"; };
		764C958F21529FB6007D1B79 /* PostCell.xib */ = {isa = PBXFileReference; lastKnownFileType = file.xib; path = PostCell.xib; sourceTree = "<group>"; };
		7673C7AA21594A930084C1E0 /* fnbz_logo_80.jpeg */ = {isa = PBXFileReference; lastKnownFileType = image.jpeg; name = fnbz_logo_80.jpeg; path = Assets.xcassets/AppIcon.appiconset/fnbz_logo_80.jpeg; sourceTree = "<group>"; };
		76AF03DF2132782D00775457 /* MainTabBarController.swift */ = {isa = PBXFileReference; lastKnownFileType = sourcecode.swift; path = MainTabBarController.swift; sourceTree = "<group>"; };
		76AF03E02132785400775457 /* RootNavigationController.swift */ = {isa = PBXFileReference; lastKnownFileType = sourcecode.swift; path = RootNavigationController.swift; sourceTree = "<group>"; };
		76AF03E52132791D00775457 /* FeedVC.swift */ = {isa = PBXFileReference; lastKnownFileType = sourcecode.swift; path = FeedVC.swift; sourceTree = "<group>"; };
		76AF03E72132792A00775457 /* ProfileVC.swift */ = {isa = PBXFileReference; lastKnownFileType = sourcecode.swift; path = ProfileVC.swift; sourceTree = "<group>"; };
		76AF03E92132793800775457 /* WorkoutsVC.swift */ = {isa = PBXFileReference; lastKnownFileType = sourcecode.swift; path = WorkoutsVC.swift; sourceTree = "<group>"; };
		76EB4ED421288EB900053286 /* FitnessBarz.app */ = {isa = PBXFileReference; explicitFileType = wrapper.application; includeInIndex = 0; path = FitnessBarz.app; sourceTree = BUILT_PRODUCTS_DIR; };
		76EB4ED721288EB900053286 /* AppDelegate.swift */ = {isa = PBXFileReference; lastKnownFileType = sourcecode.swift; path = AppDelegate.swift; sourceTree = "<group>"; };
		76EB4ED921288EB900053286 /* ViewController.swift */ = {isa = PBXFileReference; lastKnownFileType = sourcecode.swift; path = ViewController.swift; sourceTree = "<group>"; };
		76EB4EDC21288EB900053286 /* Base */ = {isa = PBXFileReference; lastKnownFileType = file.storyboard; name = Base; path = Base.lproj/Main.storyboard; sourceTree = "<group>"; };
		76EB4EDF21288EB900053286 /* FitnessBarz.xcdatamodel */ = {isa = PBXFileReference; lastKnownFileType = wrapper.xcdatamodel; path = FitnessBarz.xcdatamodel; sourceTree = "<group>"; };
		76EB4EE121288EB900053286 /* Assets.xcassets */ = {isa = PBXFileReference; lastKnownFileType = folder.assetcatalog; path = Assets.xcassets; sourceTree = "<group>"; };
		76EB4EE421288EB900053286 /* Base */ = {isa = PBXFileReference; lastKnownFileType = file.storyboard; name = Base; path = Base.lproj/LaunchScreen.storyboard; sourceTree = "<group>"; };
		76EB4EE621288EB900053286 /* Info.plist */ = {isa = PBXFileReference; lastKnownFileType = text.plist.xml; path = Info.plist; sourceTree = "<group>"; };
		76EB4EEB21288EB900053286 /* FitnessBarzTests.xctest */ = {isa = PBXFileReference; explicitFileType = wrapper.cfbundle; includeInIndex = 0; path = FitnessBarzTests.xctest; sourceTree = BUILT_PRODUCTS_DIR; };
		76EB4EEF21288EB900053286 /* FitnessBarzTests.swift */ = {isa = PBXFileReference; lastKnownFileType = sourcecode.swift; path = FitnessBarzTests.swift; sourceTree = "<group>"; };
		76EB4EF121288EB900053286 /* Info.plist */ = {isa = PBXFileReference; lastKnownFileType = text.plist.xml; path = Info.plist; sourceTree = "<group>"; };
		76EB4EF621288EBA00053286 /* FitnessBarzUITests.xctest */ = {isa = PBXFileReference; explicitFileType = wrapper.cfbundle; includeInIndex = 0; path = FitnessBarzUITests.xctest; sourceTree = BUILT_PRODUCTS_DIR; };
		76EB4EFA21288EBA00053286 /* FitnessBarzUITests.swift */ = {isa = PBXFileReference; lastKnownFileType = sourcecode.swift; path = FitnessBarzUITests.swift; sourceTree = "<group>"; };
		76EB4EFC21288EBA00053286 /* Info.plist */ = {isa = PBXFileReference; lastKnownFileType = text.plist.xml; path = Info.plist; sourceTree = "<group>"; };
		7FEC8299708E98356C842A79 /* Pods-FitnessBarzTests.release.xcconfig */ = {isa = PBXFileReference; includeInIndex = 1; lastKnownFileType = text.xcconfig; name = "Pods-FitnessBarzTests.release.xcconfig"; path = "Pods/Target Support Files/Pods-FitnessBarzTests/Pods-FitnessBarzTests.release.xcconfig"; sourceTree = "<group>"; };
		C8BEA408548B814B9758BF30 /* Pods_FitnessBarz.framework */ = {isa = PBXFileReference; explicitFileType = wrapper.framework; includeInIndex = 0; path = Pods_FitnessBarz.framework; sourceTree = BUILT_PRODUCTS_DIR; };
		DB4248485F64AD62B79A439D /* Pods-FitnessBarzUITests.release.xcconfig */ = {isa = PBXFileReference; includeInIndex = 1; lastKnownFileType = text.xcconfig; name = "Pods-FitnessBarzUITests.release.xcconfig"; path = "Pods/Target Support Files/Pods-FitnessBarzUITests/Pods-FitnessBarzUITests.release.xcconfig"; sourceTree = "<group>"; };
		E49EC060232D66791D13D295 /* Pods-FitnessBarzUITests.debug.xcconfig */ = {isa = PBXFileReference; includeInIndex = 1; lastKnownFileType = text.xcconfig; name = "Pods-FitnessBarzUITests.debug.xcconfig"; path = "Pods/Target Support Files/Pods-FitnessBarzUITests/Pods-FitnessBarzUITests.debug.xcconfig"; sourceTree = "<group>"; };
		E9B087F5D6F3A5B3AC549367 /* Pods-FitnessBarz.debug.xcconfig */ = {isa = PBXFileReference; includeInIndex = 1; lastKnownFileType = text.xcconfig; name = "Pods-FitnessBarz.debug.xcconfig"; path = "Pods/Target Support Files/Pods-FitnessBarz/Pods-FitnessBarz.debug.xcconfig"; sourceTree = "<group>"; };
		F79D3D8041DD59CF5186D883 /* Pods_FitnessBarzUITests.framework */ = {isa = PBXFileReference; explicitFileType = wrapper.framework; includeInIndex = 0; path = Pods_FitnessBarzUITests.framework; sourceTree = BUILT_PRODUCTS_DIR; };
/* End PBXFileReference section */

/* Begin PBXFrameworksBuildPhase section */
		76EB4ED121288EB900053286 /* Frameworks */ = {
			isa = PBXFrameworksBuildPhase;
			buildActionMask = 2147483647;
			files = (
				56631F87218FEEE9002EAC17 /* CoreData.framework in Frameworks */,
				BB1FB4EDA60B627E064AA4D0 /* Pods_FitnessBarz.framework in Frameworks */,
			);
			runOnlyForDeploymentPostprocessing = 0;
		};
		76EB4EE821288EB900053286 /* Frameworks */ = {
			isa = PBXFrameworksBuildPhase;
			buildActionMask = 2147483647;
			files = (
				CDC17BAC9BFD112315895A2A /* Pods_FitnessBarzTests.framework in Frameworks */,
			);
			runOnlyForDeploymentPostprocessing = 0;
		};
		76EB4EF321288EBA00053286 /* Frameworks */ = {
			isa = PBXFrameworksBuildPhase;
			buildActionMask = 2147483647;
			files = (
				78A6B0A2EC1AA0096B07DA3C /* Pods_FitnessBarzUITests.framework in Frameworks */,
			);
			runOnlyForDeploymentPostprocessing = 0;
		};
/* End PBXFrameworksBuildPhase section */

/* Begin PBXGroup section */
		56365E492136AB97000897F3 /* Service */ = {
			isa = PBXGroup;
			children = (
				56365E4A2136ABB2000897F3 /* FirebaseManager.swift */,
				56631F6B218FDDB9002EAC17 /* FitnessBarzDB.swift */,
			);
			path = Service;
			sourceTree = "<group>";
		};
		56365E4C2136ABF8000897F3 /* Model */ = {
			isa = PBXGroup;
			children = (
			);
			path = Model;
			sourceTree = "<group>";
		};
		56365E4F2136AC31000897F3 /* Controller */ = {
			isa = PBXGroup;
			children = (
				76AF03E22132786500775457 /* Workouts */,
				76AF03E42132786500775457 /* Profile */,
				76AF03E32132786500775457 /* Feed */,
			);
			path = Controller;
			sourceTree = "<group>";
		};
		56631F6D218FE32D002EAC17 /* CoreDataClass */ = {
			isa = PBXGroup;
			children = (
				56631F7E218FEA34002EAC17 /* User+CoreDataClass.swift */,
				56631F7F218FEA34002EAC17 /* User+CoreDataProperties.swift */,
			);
			path = CoreDataClass;
			sourceTree = "<group>";
		};
		6777E33474AC24104B2C6761 /* Pods */ = {
			isa = PBXGroup;
			children = (
				E9B087F5D6F3A5B3AC549367 /* Pods-FitnessBarz.debug.xcconfig */,
				111A064EE484A2087624BDC6 /* Pods-FitnessBarz.release.xcconfig */,
				2D6ECE34DBD7F5A69590106D /* Pods-FitnessBarzTests.debug.xcconfig */,
				7FEC8299708E98356C842A79 /* Pods-FitnessBarzTests.release.xcconfig */,
				E49EC060232D66791D13D295 /* Pods-FitnessBarzUITests.debug.xcconfig */,
				DB4248485F64AD62B79A439D /* Pods-FitnessBarzUITests.release.xcconfig */,
			);
			name = Pods;
			sourceTree = "<group>";
		};
		7608DC613D93AF26571D4DE9 /* Frameworks */ = {
			isa = PBXGroup;
			children = (
				56631F86218FEEE9002EAC17 /* CoreData.framework */,
				C8BEA408548B814B9758BF30 /* Pods_FitnessBarz.framework */,
				398D63F565B0BE1EFC7FD735 /* Pods_FitnessBarzTests.framework */,
				F79D3D8041DD59CF5186D883 /* Pods_FitnessBarzUITests.framework */,
			);
			name = Frameworks;
			sourceTree = "<group>";
		};
		764584BC2132919300DBE853 /* Views */ = {
			isa = PBXGroup;
			children = (
				764584BD2132919300DBE853 /* FeedPostCell.swift */,
				764C958E21529FB6007D1B79 /* PostCell.swift */,
				764C958F21529FB6007D1B79 /* PostCell.xib */,
				764584C22132926B00DBE853 /* ProfileInfoView.swift */,
				56726D6E21982ED400659989 /* WorkoutListCell.swift */,
				56726D6F21982ED400659989 /* WorkoutListCell.xib */,
				56CB108421A41EA300FAA9FA /* InfoHeaderView.swift */,
				56CB108A21A4F1D400FAA9FA /* InfoHeaderView.xib */,
				56726D722198325500659989 /* View+cornerRadius.swift */,
				56CB108621A4EEEF00FAA9FA /* UIViewExtension.swift */,
				56CB108821A4EFBA00FAA9FA /* NibView.swift */,
			);
			path = Views;
			sourceTree = "<group>";
		};
		764584BE2132919300DBE853 /* Utils */ = {
			isa = PBXGroup;
			children = (
				764584BF2132919300DBE853 /* Utils.swift */,
			);
			path = Utils;
			sourceTree = "<group>";
		};
		76AF03DE2132782D00775457 /* 共用頁面 */ = {
			isa = PBXGroup;
			children = (
				76AF03DF2132782D00775457 /* MainTabBarController.swift */,
				76AF03E02132785400775457 /* RootNavigationController.swift */,
			);
			path = "共用頁面";
			sourceTree = "<group>";
		};
		76AF03E22132786500775457 /* Workouts */ = {
			isa = PBXGroup;
			children = (
				76AF03E92132793800775457 /* WorkoutsVC.swift */,
				56AF878121A159D100BF2F3A /* ReadyToStartVC.swift */,
				56AF878221A159D100BF2F3A /* ReadyToStartVC.xib */,
			);
			path = Workouts;
			sourceTree = "<group>";
		};
		76AF03E32132786500775457 /* Feed */ = {
			isa = PBXGroup;
			children = (
				76AF03E52132791D00775457 /* FeedVC.swift */,
			);
			path = Feed;
			sourceTree = "<group>";
		};
		76AF03E42132786500775457 /* Profile */ = {
			isa = PBXGroup;
			children = (
				76AF03E72132792A00775457 /* ProfileVC.swift */,
			);
			path = Profile;
			sourceTree = "<group>";
		};
		76EB4ECB21288EB900053286 = {
			isa = PBXGroup;
			children = (
				56631F69218EE246002EAC17 /* GoogleService-Info.plist */,
				76EB4ED621288EB900053286 /* FitnessBarz */,
				76EB4EEE21288EB900053286 /* FitnessBarzTests */,
				76EB4EF921288EBA00053286 /* FitnessBarzUITests */,
				76EB4ED521288EB900053286 /* Products */,
				6777E33474AC24104B2C6761 /* Pods */,
				7608DC613D93AF26571D4DE9 /* Frameworks */,
			);
			sourceTree = "<group>";
		};
		76EB4ED521288EB900053286 /* Products */ = {
			isa = PBXGroup;
			children = (
				76EB4ED421288EB900053286 /* FitnessBarz.app */,
				76EB4EEB21288EB900053286 /* FitnessBarzTests.xctest */,
				76EB4EF621288EBA00053286 /* FitnessBarzUITests.xctest */,
			);
			name = Products;
			sourceTree = "<group>";
		};
		76EB4ED621288EB900053286 /* FitnessBarz */ = {
			isa = PBXGroup;
			children = (
				76EB4ED721288EB900053286 /* AppDelegate.swift */,
				76AF03DE2132782D00775457 /* 共用頁面 */,
				764584BE2132919300DBE853 /* Utils */,
				56365E492136AB97000897F3 /* Service */,
				56365E4C2136ABF8000897F3 /* Model */,
				764584BC2132919300DBE853 /* Views */,
				56365E4F2136AC31000897F3 /* Controller */,
				56631F6D218FE32D002EAC17 /* CoreDataClass */,
				76EB4ED921288EB900053286 /* ViewController.swift */,
				76EB4EDB21288EB900053286 /* Main.storyboard */,
				76EB4EE121288EB900053286 /* Assets.xcassets */,
				76EB4EE321288EB900053286 /* LaunchScreen.storyboard */,
				7673C7AA21594A930084C1E0 /* fnbz_logo_80.jpeg */,
				56726D6C21982D5C00659989 /* fnbz_logo_60.jpeg */,
				56726D6A21982CA300659989 /* fnbz_logo_40.jpeg */,
				76EB4EE621288EB900053286 /* Info.plist */,
				76EB4EDE21288EB900053286 /* FitnessBarz.xcdatamodeld */,
			);
			path = FitnessBarz;
			sourceTree = "<group>";
		};
		76EB4EEE21288EB900053286 /* FitnessBarzTests */ = {
			isa = PBXGroup;
			children = (
				76EB4EEF21288EB900053286 /* FitnessBarzTests.swift */,
				76EB4EF121288EB900053286 /* Info.plist */,
			);
			path = FitnessBarzTests;
			sourceTree = "<group>";
		};
		76EB4EF921288EBA00053286 /* FitnessBarzUITests */ = {
			isa = PBXGroup;
			children = (
				76EB4EFA21288EBA00053286 /* FitnessBarzUITests.swift */,
				76EB4EFC21288EBA00053286 /* Info.plist */,
			);
			path = FitnessBarzUITests;
			sourceTree = "<group>";
		};
/* End PBXGroup section */

/* Begin PBXNativeTarget section */
		76EB4ED321288EB900053286 /* FitnessBarz */ = {
			isa = PBXNativeTarget;
			buildConfigurationList = 76EB4EFF21288EBA00053286 /* Build configuration list for PBXNativeTarget "FitnessBarz" */;
			buildPhases = (
				30616889452359F37A2FCE66 /* [CP] Check Pods Manifest.lock */,
				76EB4ED021288EB900053286 /* Sources */,
				76EB4ED121288EB900053286 /* Frameworks */,
				76EB4ED221288EB900053286 /* Resources */,
				8931F34A344CEDC324FA6DA7 /* [CP] Embed Pods Frameworks */,
			);
			buildRules = (
			);
			dependencies = (
			);
			name = FitnessBarz;
			productName = FitnessBarz;
			productReference = 76EB4ED421288EB900053286 /* FitnessBarz.app */;
			productType = "com.apple.product-type.application";
		};
		76EB4EEA21288EB900053286 /* FitnessBarzTests */ = {
			isa = PBXNativeTarget;
			buildConfigurationList = 76EB4F0221288EBA00053286 /* Build configuration list for PBXNativeTarget "FitnessBarzTests" */;
			buildPhases = (
				D094DCDE56364A8FE8D094D5 /* [CP] Check Pods Manifest.lock */,
				76EB4EE721288EB900053286 /* Sources */,
				76EB4EE821288EB900053286 /* Frameworks */,
				76EB4EE921288EB900053286 /* Resources */,
			);
			buildRules = (
			);
			dependencies = (
				76EB4EED21288EB900053286 /* PBXTargetDependency */,
			);
			name = FitnessBarzTests;
			productName = FitnessBarzTests;
			productReference = 76EB4EEB21288EB900053286 /* FitnessBarzTests.xctest */;
			productType = "com.apple.product-type.bundle.unit-test";
		};
		76EB4EF521288EBA00053286 /* FitnessBarzUITests */ = {
			isa = PBXNativeTarget;
			buildConfigurationList = 76EB4F0521288EBA00053286 /* Build configuration list for PBXNativeTarget "FitnessBarzUITests" */;
			buildPhases = (
				2F88378B4DD114378FD4A20F /* [CP] Check Pods Manifest.lock */,
				76EB4EF221288EBA00053286 /* Sources */,
				76EB4EF321288EBA00053286 /* Frameworks */,
				76EB4EF421288EBA00053286 /* Resources */,
			);
			buildRules = (
			);
			dependencies = (
				76EB4EF821288EBA00053286 /* PBXTargetDependency */,
			);
			name = FitnessBarzUITests;
			productName = FitnessBarzUITests;
			productReference = 76EB4EF621288EBA00053286 /* FitnessBarzUITests.xctest */;
			productType = "com.apple.product-type.bundle.ui-testing";
		};
/* End PBXNativeTarget section */

/* Begin PBXProject section */
		76EB4ECC21288EB900053286 /* Project object */ = {
			isa = PBXProject;
			attributes = {
				LastSwiftUpdateCheck = 0900;
				LastUpgradeCheck = 0900;
				ORGANIZATIONNAME = Charles;
				TargetAttributes = {
					76EB4ED321288EB900053286 = {
						CreatedOnToolsVersion = 9.0;
						ProvisioningStyle = Manual;
					};
					76EB4EEA21288EB900053286 = {
						CreatedOnToolsVersion = 9.0;
						ProvisioningStyle = Automatic;
						TestTargetID = 76EB4ED321288EB900053286;
					};
					76EB4EF521288EBA00053286 = {
						CreatedOnToolsVersion = 9.0;
						ProvisioningStyle = Automatic;
						TestTargetID = 76EB4ED321288EB900053286;
					};
				};
			};
			buildConfigurationList = 76EB4ECF21288EB900053286 /* Build configuration list for PBXProject "FitnessBarz" */;
			compatibilityVersion = "Xcode 8.0";
			developmentRegion = en;
			hasScannedForEncodings = 0;
			knownRegions = (
				en,
				Base,
			);
			mainGroup = 76EB4ECB21288EB900053286;
			productRefGroup = 76EB4ED521288EB900053286 /* Products */;
			projectDirPath = "";
			projectRoot = "";
			targets = (
				76EB4ED321288EB900053286 /* FitnessBarz */,
				76EB4EEA21288EB900053286 /* FitnessBarzTests */,
				76EB4EF521288EBA00053286 /* FitnessBarzUITests */,
			);
		};
/* End PBXProject section */

/* Begin PBXResourcesBuildPhase section */
		76EB4ED221288EB900053286 /* Resources */ = {
			isa = PBXResourcesBuildPhase;
			buildActionMask = 2147483647;
			files = (
				76EB4EE521288EB900053286 /* LaunchScreen.storyboard in Resources */,
				76EB4EE221288EB900053286 /* Assets.xcassets in Resources */,
				56AF878421A159D100BF2F3A /* ReadyToStartVC.xib in Resources */,
				56726D7121982ED400659989 /* WorkoutListCell.xib in Resources */,
				56726D6D21982D5C00659989 /* fnbz_logo_60.jpeg in Resources */,
				764C959121529FB6007D1B79 /* PostCell.xib in Resources */,
				56CB108B21A4F1D400FAA9FA /* InfoHeaderView.xib in Resources */,
				76EB4EDD21288EB900053286 /* Main.storyboard in Resources */,
				7673C7AB21594BC00084C1E0 /* fnbz_logo_80.jpeg in Resources */,
				56726D6B21982CA300659989 /* fnbz_logo_40.jpeg in Resources */,
				56631F6A218EE246002EAC17 /* GoogleService-Info.plist in Resources */,
			);
			runOnlyForDeploymentPostprocessing = 0;
		};
		76EB4EE921288EB900053286 /* Resources */ = {
			isa = PBXResourcesBuildPhase;
			buildActionMask = 2147483647;
			files = (
			);
			runOnlyForDeploymentPostprocessing = 0;
		};
		76EB4EF421288EBA00053286 /* Resources */ = {
			isa = PBXResourcesBuildPhase;
			buildActionMask = 2147483647;
			files = (
			);
			runOnlyForDeploymentPostprocessing = 0;
		};
/* End PBXResourcesBuildPhase section */

/* Begin PBXShellScriptBuildPhase section */
		2F88378B4DD114378FD4A20F /* [CP] Check Pods Manifest.lock */ = {
			isa = PBXShellScriptBuildPhase;
			buildActionMask = 2147483647;
			files = (
			);
			inputPaths = (
				"${PODS_PODFILE_DIR_PATH}/Podfile.lock",
				"${PODS_ROOT}/Manifest.lock",
			);
			name = "[CP] Check Pods Manifest.lock";
			outputPaths = (
				"$(DERIVED_FILE_DIR)/Pods-FitnessBarzUITests-checkManifestLockResult.txt",
			);
			runOnlyForDeploymentPostprocessing = 0;
			shellPath = /bin/sh;
			shellScript = "diff \"${PODS_PODFILE_DIR_PATH}/Podfile.lock\" \"${PODS_ROOT}/Manifest.lock\" > /dev/null\nif [ $? != 0 ] ; then\n    # print error to STDERR\n    echo \"error: The sandbox is not in sync with the Podfile.lock. Run 'pod install' or update your CocoaPods installation.\" >&2\n    exit 1\nfi\n# This output is used by Xcode 'outputs' to avoid re-running this script phase.\necho \"SUCCESS\" > \"${SCRIPT_OUTPUT_FILE_0}\"\n";
			showEnvVarsInLog = 0;
		};
		30616889452359F37A2FCE66 /* [CP] Check Pods Manifest.lock */ = {
			isa = PBXShellScriptBuildPhase;
			buildActionMask = 2147483647;
			files = (
			);
			inputPaths = (
				"${PODS_PODFILE_DIR_PATH}/Podfile.lock",
				"${PODS_ROOT}/Manifest.lock",
			);
			name = "[CP] Check Pods Manifest.lock";
			outputPaths = (
				"$(DERIVED_FILE_DIR)/Pods-FitnessBarz-checkManifestLockResult.txt",
			);
			runOnlyForDeploymentPostprocessing = 0;
			shellPath = /bin/sh;
			shellScript = "diff \"${PODS_PODFILE_DIR_PATH}/Podfile.lock\" \"${PODS_ROOT}/Manifest.lock\" > /dev/null\nif [ $? != 0 ] ; then\n    # print error to STDERR\n    echo \"error: The sandbox is not in sync with the Podfile.lock. Run 'pod install' or update your CocoaPods installation.\" >&2\n    exit 1\nfi\n# This output is used by Xcode 'outputs' to avoid re-running this script phase.\necho \"SUCCESS\" > \"${SCRIPT_OUTPUT_FILE_0}\"\n";
			showEnvVarsInLog = 0;
		};
		8931F34A344CEDC324FA6DA7 /* [CP] Embed Pods Frameworks */ = {
			isa = PBXShellScriptBuildPhase;
			buildActionMask = 2147483647;
			files = (
			);
			inputPaths = (
				"${SRCROOT}/Pods/Target Support Files/Pods-FitnessBarz/Pods-FitnessBarz-frameworks.sh",
				"${BUILT_PRODUCTS_DIR}/GTMSessionFetcher/GTMSessionFetcher.framework",
				"${BUILT_PRODUCTS_DIR}/GoogleToolboxForMac/GoogleToolboxForMac.framework",
				"${BUILT_PRODUCTS_DIR}/SVProgressHUD/SVProgressHUD.framework",
				"${BUILT_PRODUCTS_DIR}/leveldb-library/leveldb.framework",
				"${BUILT_PRODUCTS_DIR}/nanopb/nanopb.framework",
			);
			name = "[CP] Embed Pods Frameworks";
			outputPaths = (
				"${TARGET_BUILD_DIR}/${FRAMEWORKS_FOLDER_PATH}/GTMSessionFetcher.framework",
				"${TARGET_BUILD_DIR}/${FRAMEWORKS_FOLDER_PATH}/GoogleToolboxForMac.framework",
				"${TARGET_BUILD_DIR}/${FRAMEWORKS_FOLDER_PATH}/SVProgressHUD.framework",
				"${TARGET_BUILD_DIR}/${FRAMEWORKS_FOLDER_PATH}/leveldb.framework",
				"${TARGET_BUILD_DIR}/${FRAMEWORKS_FOLDER_PATH}/nanopb.framework",
			);
			runOnlyForDeploymentPostprocessing = 0;
			shellPath = /bin/sh;
			shellScript = "\"${SRCROOT}/Pods/Target Support Files/Pods-FitnessBarz/Pods-FitnessBarz-frameworks.sh\"\n";
			showEnvVarsInLog = 0;
		};
		D094DCDE56364A8FE8D094D5 /* [CP] Check Pods Manifest.lock */ = {
			isa = PBXShellScriptBuildPhase;
			buildActionMask = 2147483647;
			files = (
			);
			inputPaths = (
				"${PODS_PODFILE_DIR_PATH}/Podfile.lock",
				"${PODS_ROOT}/Manifest.lock",
			);
			name = "[CP] Check Pods Manifest.lock";
			outputPaths = (
				"$(DERIVED_FILE_DIR)/Pods-FitnessBarzTests-checkManifestLockResult.txt",
			);
			runOnlyForDeploymentPostprocessing = 0;
			shellPath = /bin/sh;
			shellScript = "diff \"${PODS_PODFILE_DIR_PATH}/Podfile.lock\" \"${PODS_ROOT}/Manifest.lock\" > /dev/null\nif [ $? != 0 ] ; then\n    # print error to STDERR\n    echo \"error: The sandbox is not in sync with the Podfile.lock. Run 'pod install' or update your CocoaPods installation.\" >&2\n    exit 1\nfi\n# This output is used by Xcode 'outputs' to avoid re-running this script phase.\necho \"SUCCESS\" > \"${SCRIPT_OUTPUT_FILE_0}\"\n";
			showEnvVarsInLog = 0;
		};
/* End PBXShellScriptBuildPhase section */

/* Begin PBXSourcesBuildPhase section */
		76EB4ED021288EB900053286 /* Sources */ = {
			isa = PBXSourcesBuildPhase;
			buildActionMask = 2147483647;
			files = (
				56AF878321A159D100BF2F3A /* ReadyToStartVC.swift in Sources */,
				56365E4B2136ABB2000897F3 /* FirebaseManager.swift in Sources */,
				56726D732198325500659989 /* View+cornerRadius.swift in Sources */,
				76AF03EA2132793800775457 /* WorkoutsVC.swift in Sources */,
				56631F81218FEA34002EAC17 /* User+CoreDataProperties.swift in Sources */,
				76AF03E82132792A00775457 /* ProfileVC.swift in Sources */,
				764584C0213291A800DBE853 /* Utils.swift in Sources */,
				56726D7021982ED400659989 /* WorkoutListCell.swift in Sources */,
				764584C32132926B00DBE853 /* ProfileInfoView.swift in Sources */,
				56631F6C218FDDB9002EAC17 /* FitnessBarzDB.swift in Sources */,
				76AF03EB21327AA900775457 /* MainTabBarController.swift in Sources */,
				76EB4EDA21288EB900053286 /* ViewController.swift in Sources */,
				764584C1213291AB00DBE853 /* FeedPostCell.swift in Sources */,
				76AF03E12132785400775457 /* RootNavigationController.swift in Sources */,
				76AF03E62132791D00775457 /* FeedVC.swift in Sources */,
				56CB108521A41EA300FAA9FA /* InfoHeaderView.swift in Sources */,
				56CB108921A4EFBA00FAA9FA /* NibView.swift in Sources */,
				76EB4ED821288EB900053286 /* AppDelegate.swift in Sources */,
				76EB4EE021288EB900053286 /* FitnessBarz.xcdatamodeld in Sources */,
				56CB108721A4EEF000FAA9FA /* UIViewExtension.swift in Sources */,
				764C959021529FB6007D1B79 /* PostCell.swift in Sources */,
				56631F80218FEA34002EAC17 /* User+CoreDataClass.swift in Sources */,
			);
			runOnlyForDeploymentPostprocessing = 0;
		};
		76EB4EE721288EB900053286 /* Sources */ = {
			isa = PBXSourcesBuildPhase;
			buildActionMask = 2147483647;
			files = (
				56631F84218FEEC7002EAC17 /* AppDelegate.swift in Sources */,
				76EB4EF021288EB900053286 /* FitnessBarzTests.swift in Sources */,
				56631F82218FEEBA002EAC17 /* FitnessBarzDB.swift in Sources */,
			);
			runOnlyForDeploymentPostprocessing = 0;
		};
		76EB4EF221288EBA00053286 /* Sources */ = {
			isa = PBXSourcesBuildPhase;
			buildActionMask = 2147483647;
			files = (
				56631F85218FEEC8002EAC17 /* AppDelegate.swift in Sources */,
				76EB4EFB21288EBA00053286 /* FitnessBarzUITests.swift in Sources */,
				56631F83218FEEBA002EAC17 /* FitnessBarzDB.swift in Sources */,
			);
			runOnlyForDeploymentPostprocessing = 0;
		};
/* End PBXSourcesBuildPhase section */

/* Begin PBXTargetDependency section */
		76EB4EED21288EB900053286 /* PBXTargetDependency */ = {
			isa = PBXTargetDependency;
			target = 76EB4ED321288EB900053286 /* FitnessBarz */;
			targetProxy = 76EB4EEC21288EB900053286 /* PBXContainerItemProxy */;
		};
		76EB4EF821288EBA00053286 /* PBXTargetDependency */ = {
			isa = PBXTargetDependency;
			target = 76EB4ED321288EB900053286 /* FitnessBarz */;
			targetProxy = 76EB4EF721288EBA00053286 /* PBXContainerItemProxy */;
		};
/* End PBXTargetDependency section */

/* Begin PBXVariantGroup section */
		76EB4EDB21288EB900053286 /* Main.storyboard */ = {
			isa = PBXVariantGroup;
			children = (
				76EB4EDC21288EB900053286 /* Base */,
			);
			name = Main.storyboard;
			sourceTree = "<group>";
		};
		76EB4EE321288EB900053286 /* LaunchScreen.storyboard */ = {
			isa = PBXVariantGroup;
			children = (
				76EB4EE421288EB900053286 /* Base */,
			);
			name = LaunchScreen.storyboard;
			sourceTree = "<group>";
		};
/* End PBXVariantGroup section */

/* Begin XCBuildConfiguration section */
		76EB4EFD21288EBA00053286 /* Debug */ = {
			isa = XCBuildConfiguration;
			buildSettings = {
				ALWAYS_SEARCH_USER_PATHS = NO;
				CLANG_ANALYZER_NONNULL = YES;
				CLANG_ANALYZER_NUMBER_OBJECT_CONVERSION = YES_AGGRESSIVE;
				CLANG_CXX_LANGUAGE_STANDARD = "gnu++14";
				CLANG_CXX_LIBRARY = "libc++";
				CLANG_ENABLE_MODULES = YES;
				CLANG_ENABLE_OBJC_ARC = YES;
				CLANG_WARN_BLOCK_CAPTURE_AUTORELEASING = YES;
				CLANG_WARN_BOOL_CONVERSION = YES;
				CLANG_WARN_COMMA = YES;
				CLANG_WARN_CONSTANT_CONVERSION = YES;
				CLANG_WARN_DIRECT_OBJC_ISA_USAGE = YES_ERROR;
				CLANG_WARN_DOCUMENTATION_COMMENTS = YES;
				CLANG_WARN_EMPTY_BODY = YES;
				CLANG_WARN_ENUM_CONVERSION = YES;
				CLANG_WARN_INFINITE_RECURSION = YES;
				CLANG_WARN_INT_CONVERSION = YES;
				CLANG_WARN_NON_LITERAL_NULL_CONVERSION = YES;
				CLANG_WARN_OBJC_LITERAL_CONVERSION = YES;
				CLANG_WARN_OBJC_ROOT_CLASS = YES_ERROR;
				CLANG_WARN_RANGE_LOOP_ANALYSIS = YES;
				CLANG_WARN_STRICT_PROTOTYPES = YES;
				CLANG_WARN_SUSPICIOUS_MOVE = YES;
				CLANG_WARN_UNGUARDED_AVAILABILITY = YES_AGGRESSIVE;
				CLANG_WARN_UNREACHABLE_CODE = YES;
				CLANG_WARN__DUPLICATE_METHOD_MATCH = YES;
				CODE_SIGN_IDENTITY = "iPhone Developer";
				COPY_PHASE_STRIP = NO;
				DEBUG_INFORMATION_FORMAT = dwarf;
				ENABLE_STRICT_OBJC_MSGSEND = YES;
				ENABLE_TESTABILITY = YES;
				GCC_C_LANGUAGE_STANDARD = gnu11;
				GCC_DYNAMIC_NO_PIC = NO;
				GCC_NO_COMMON_BLOCKS = YES;
				GCC_OPTIMIZATION_LEVEL = 0;
				GCC_PREPROCESSOR_DEFINITIONS = (
					"DEBUG=1",
					"$(inherited)",
				);
				GCC_WARN_64_TO_32_BIT_CONVERSION = YES;
				GCC_WARN_ABOUT_RETURN_TYPE = YES_ERROR;
				GCC_WARN_UNDECLARED_SELECTOR = YES;
				GCC_WARN_UNINITIALIZED_AUTOS = YES_AGGRESSIVE;
				GCC_WARN_UNUSED_FUNCTION = YES;
				GCC_WARN_UNUSED_VARIABLE = YES;
				IPHONEOS_DEPLOYMENT_TARGET = 11.0;
				MTL_ENABLE_DEBUG_INFO = YES;
				ONLY_ACTIVE_ARCH = YES;
				SDKROOT = iphoneos;
				SWIFT_ACTIVE_COMPILATION_CONDITIONS = DEBUG;
				SWIFT_OPTIMIZATION_LEVEL = "-Onone";
			};
			name = Debug;
		};
		76EB4EFE21288EBA00053286 /* Release */ = {
			isa = XCBuildConfiguration;
			buildSettings = {
				ALWAYS_SEARCH_USER_PATHS = NO;
				CLANG_ANALYZER_NONNULL = YES;
				CLANG_ANALYZER_NUMBER_OBJECT_CONVERSION = YES_AGGRESSIVE;
				CLANG_CXX_LANGUAGE_STANDARD = "gnu++14";
				CLANG_CXX_LIBRARY = "libc++";
				CLANG_ENABLE_MODULES = YES;
				CLANG_ENABLE_OBJC_ARC = YES;
				CLANG_WARN_BLOCK_CAPTURE_AUTORELEASING = YES;
				CLANG_WARN_BOOL_CONVERSION = YES;
				CLANG_WARN_COMMA = YES;
				CLANG_WARN_CONSTANT_CONVERSION = YES;
				CLANG_WARN_DIRECT_OBJC_ISA_USAGE = YES_ERROR;
				CLANG_WARN_DOCUMENTATION_COMMENTS = YES;
				CLANG_WARN_EMPTY_BODY = YES;
				CLANG_WARN_ENUM_CONVERSION = YES;
				CLANG_WARN_INFINITE_RECURSION = YES;
				CLANG_WARN_INT_CONVERSION = YES;
				CLANG_WARN_NON_LITERAL_NULL_CONVERSION = YES;
				CLANG_WARN_OBJC_LITERAL_CONVERSION = YES;
				CLANG_WARN_OBJC_ROOT_CLASS = YES_ERROR;
				CLANG_WARN_RANGE_LOOP_ANALYSIS = YES;
				CLANG_WARN_STRICT_PROTOTYPES = YES;
				CLANG_WARN_SUSPICIOUS_MOVE = YES;
				CLANG_WARN_UNGUARDED_AVAILABILITY = YES_AGGRESSIVE;
				CLANG_WARN_UNREACHABLE_CODE = YES;
				CLANG_WARN__DUPLICATE_METHOD_MATCH = YES;
				CODE_SIGN_IDENTITY = "iPhone Developer";
				COPY_PHASE_STRIP = NO;
				DEBUG_INFORMATION_FORMAT = "dwarf-with-dsym";
				ENABLE_NS_ASSERTIONS = NO;
				ENABLE_STRICT_OBJC_MSGSEND = YES;
				GCC_C_LANGUAGE_STANDARD = gnu11;
				GCC_NO_COMMON_BLOCKS = YES;
				GCC_WARN_64_TO_32_BIT_CONVERSION = YES;
				GCC_WARN_ABOUT_RETURN_TYPE = YES_ERROR;
				GCC_WARN_UNDECLARED_SELECTOR = YES;
				GCC_WARN_UNINITIALIZED_AUTOS = YES_AGGRESSIVE;
				GCC_WARN_UNUSED_FUNCTION = YES;
				GCC_WARN_UNUSED_VARIABLE = YES;
				IPHONEOS_DEPLOYMENT_TARGET = 11.0;
				MTL_ENABLE_DEBUG_INFO = NO;
				SDKROOT = iphoneos;
				SWIFT_OPTIMIZATION_LEVEL = "-Owholemodule";
				VALIDATE_PRODUCT = YES;
			};
			name = Release;
		};
		76EB4F0021288EBA00053286 /* Debug */ = {
			isa = XCBuildConfiguration;
			baseConfigurationReference = E9B087F5D6F3A5B3AC549367 /* Pods-FitnessBarz.debug.xcconfig */;
			buildSettings = {
				ASSETCATALOG_COMPILER_APPICON_NAME = AppIcon;
				CODE_SIGN_STYLE = Manual;
				DEVELOPMENT_TEAM = RJYZ49S9JJ;
				INFOPLIST_FILE = FitnessBarz/Info.plist;
				IPHONEOS_DEPLOYMENT_TARGET = 10.0;
				LD_RUNPATH_SEARCH_PATHS = "$(inherited) @executable_path/Frameworks";
				PRODUCT_BUNDLE_IDENTIFIER = com.Chalres.FitnessBarz;
				PRODUCT_NAME = "$(TARGET_NAME)";
				PROVISIONING_PROFILE_SPECIFIER = CharlesDevAll;
				SWIFT_VERSION = 4.0;
				TARGETED_DEVICE_FAMILY = "1,2";
			};
			name = Debug;
		};
		76EB4F0121288EBA00053286 /* Release */ = {
			isa = XCBuildConfiguration;
			baseConfigurationReference = 111A064EE484A2087624BDC6 /* Pods-FitnessBarz.release.xcconfig */;
			buildSettings = {
				ASSETCATALOG_COMPILER_APPICON_NAME = AppIcon;
				CODE_SIGN_IDENTITY = "iPhone Distribution";
				CODE_SIGN_STYLE = Manual;
				DEVELOPMENT_TEAM = RJYZ49S9JJ;
				INFOPLIST_FILE = FitnessBarz/Info.plist;
				IPHONEOS_DEPLOYMENT_TARGET = 10.0;
				LD_RUNPATH_SEARCH_PATHS = "$(inherited) @executable_path/Frameworks";
				PRODUCT_BUNDLE_IDENTIFIER = com.Chalres.FitnessBarz;
				PRODUCT_NAME = "$(TARGET_NAME)";
				PROVISIONING_PROFILE_SPECIFIER = CharlesADHocAll;
				SWIFT_VERSION = 4.0;
				TARGETED_DEVICE_FAMILY = "1,2";
			};
			name = Release;
		};
		76EB4F0321288EBA00053286 /* Debug */ = {
			isa = XCBuildConfiguration;
			baseConfigurationReference = 2D6ECE34DBD7F5A69590106D /* Pods-FitnessBarzTests.debug.xcconfig */;
			buildSettings = {
				ALWAYS_EMBED_SWIFT_STANDARD_LIBRARIES = YES;
				BUNDLE_LOADER = "$(TEST_HOST)";
				CODE_SIGN_STYLE = Automatic;
				DEVELOPMENT_TEAM = 7T8HSHZPQ4;
				INFOPLIST_FILE = FitnessBarzTests/Info.plist;
				LD_RUNPATH_SEARCH_PATHS = "$(inherited) @executable_path/Frameworks @loader_path/Frameworks";
				PRODUCT_BUNDLE_IDENTIFIER = com.Chalres.FitnessBarzTests;
				PRODUCT_NAME = "$(TARGET_NAME)";
				SWIFT_VERSION = 4.0;
				TARGETED_DEVICE_FAMILY = "1,2";
				TEST_HOST = "$(BUILT_PRODUCTS_DIR)/FitnessBarz.app/FitnessBarz";
			};
			name = Debug;
		};
		76EB4F0421288EBA00053286 /* Release */ = {
			isa = XCBuildConfiguration;
			baseConfigurationReference = 7FEC8299708E98356C842A79 /* Pods-FitnessBarzTests.release.xcconfig */;
			buildSettings = {
				ALWAYS_EMBED_SWIFT_STANDARD_LIBRARIES = YES;
				BUNDLE_LOADER = "$(TEST_HOST)";
				CODE_SIGN_STYLE = Automatic;
				DEVELOPMENT_TEAM = 7T8HSHZPQ4;
				INFOPLIST_FILE = FitnessBarzTests/Info.plist;
				LD_RUNPATH_SEARCH_PATHS = "$(inherited) @executable_path/Frameworks @loader_path/Frameworks";
				PRODUCT_BUNDLE_IDENTIFIER = com.Chalres.FitnessBarzTests;
				PRODUCT_NAME = "$(TARGET_NAME)";
				SWIFT_VERSION = 4.0;
				TARGETED_DEVICE_FAMILY = "1,2";
				TEST_HOST = "$(BUILT_PRODUCTS_DIR)/FitnessBarz.app/FitnessBarz";
			};
			name = Release;
		};
		76EB4F0621288EBA00053286 /* Debug */ = {
			isa = XCBuildConfiguration;
			baseConfigurationReference = E49EC060232D66791D13D295 /* Pods-FitnessBarzUITests.debug.xcconfig */;
			buildSettings = {
				ALWAYS_EMBED_SWIFT_STANDARD_LIBRARIES = YES;
				CODE_SIGN_STYLE = Automatic;
				DEVELOPMENT_TEAM = 7T8HSHZPQ4;
				INFOPLIST_FILE = FitnessBarzUITests/Info.plist;
				LD_RUNPATH_SEARCH_PATHS = "$(inherited) @executable_path/Frameworks @loader_path/Frameworks";
				PRODUCT_BUNDLE_IDENTIFIER = com.Chalres.FitnessBarzUITests;
				PRODUCT_NAME = "$(TARGET_NAME)";
				SWIFT_VERSION = 4.0;
				TARGETED_DEVICE_FAMILY = "1,2";
				TEST_TARGET_NAME = FitnessBarz;
			};
			name = Debug;
		};
		76EB4F0721288EBA00053286 /* Release */ = {
			isa = XCBuildConfiguration;
			baseConfigurationReference = DB4248485F64AD62B79A439D /* Pods-FitnessBarzUITests.release.xcconfig */;
			buildSettings = {
				ALWAYS_EMBED_SWIFT_STANDARD_LIBRARIES = YES;
				CODE_SIGN_STYLE = Automatic;
				DEVELOPMENT_TEAM = 7T8HSHZPQ4;
				INFOPLIST_FILE = FitnessBarzUITests/Info.plist;
				LD_RUNPATH_SEARCH_PATHS = "$(inherited) @executable_path/Frameworks @loader_path/Frameworks";
				PRODUCT_BUNDLE_IDENTIFIER = com.Chalres.FitnessBarzUITests;
				PRODUCT_NAME = "$(TARGET_NAME)";
				SWIFT_VERSION = 4.0;
				TARGETED_DEVICE_FAMILY = "1,2";
				TEST_TARGET_NAME = FitnessBarz;
			};
			name = Release;
		};
/* End XCBuildConfiguration section */

/* Begin XCConfigurationList section */
		76EB4ECF21288EB900053286 /* Build configuration list for PBXProject "FitnessBarz" */ = {
			isa = XCConfigurationList;
			buildConfigurations = (
				76EB4EFD21288EBA00053286 /* Debug */,
				76EB4EFE21288EBA00053286 /* Release */,
			);
			defaultConfigurationIsVisible = 0;
			defaultConfigurationName = Release;
		};
		76EB4EFF21288EBA00053286 /* Build configuration list for PBXNativeTarget "FitnessBarz" */ = {
			isa = XCConfigurationList;
			buildConfigurations = (
				76EB4F0021288EBA00053286 /* Debug */,
				76EB4F0121288EBA00053286 /* Release */,
			);
			defaultConfigurationIsVisible = 0;
			defaultConfigurationName = Release;
		};
		76EB4F0221288EBA00053286 /* Build configuration list for PBXNativeTarget "FitnessBarzTests" */ = {
			isa = XCConfigurationList;
			buildConfigurations = (
				76EB4F0321288EBA00053286 /* Debug */,
				76EB4F0421288EBA00053286 /* Release */,
			);
			defaultConfigurationIsVisible = 0;
			defaultConfigurationName = Release;
		};
		76EB4F0521288EBA00053286 /* Build configuration list for PBXNativeTarget "FitnessBarzUITests" */ = {
			isa = XCConfigurationList;
			buildConfigurations = (
				76EB4F0621288EBA00053286 /* Debug */,
				76EB4F0721288EBA00053286 /* Release */,
			);
			defaultConfigurationIsVisible = 0;
			defaultConfigurationName = Release;
		};
/* End XCConfigurationList section */

/* Begin XCVersionGroup section */
		76EB4EDE21288EB900053286 /* FitnessBarz.xcdatamodeld */ = {
			isa = XCVersionGroup;
			children = (
				76EB4EDF21288EB900053286 /* FitnessBarz.xcdatamodel */,
			);
			currentVersion = 76EB4EDF21288EB900053286 /* FitnessBarz.xcdatamodel */;
			path = FitnessBarz.xcdatamodeld;
			sourceTree = "<group>";
			versionGroupType = wrapper.xcdatamodel;
		};
/* End XCVersionGroup section */
	};
	rootObject = 76EB4ECC21288EB900053286 /* Project object */;
}
